
Microsoft Visual Studio Solution File, Format Version 12.00
# Visual Studio Version 16
VisualStudioVersion = 16.0.29324.140
MinimumVisualStudioVersion = 10.0.40219.1
Project("{FAE04EC0-301F-11D3-BF4B-00C04F79EFBC}") = "PaintingLesson", "PaintingLesson\PaintingLesson.csproj", "{203E16B2-8269-408C-B70E-FDD0A8CBF66A}"
EndProject
Global
	GlobalSection(SolutionConfigurationPlatforms) = preSolution
		Debug|Any CPU = Debug|Any CPU
		Release|Any CPU = Release|Any CPU
	EndGlobalSection
	GlobalSection(ProjectConfigurationPlatforms) = postSolution
		{203E16B2-8269-408C-B70E-FDD0A8CBF66A}.Debug|Any CPU.ActiveCfg = Debug|Any CPU
		{203E16B2-8269-408C-B70E-FDD0A8CBF66A}.Debug|Any CPU.Build.0 = Debug|Any CPU
		{203E16B2-8269-408C-B70E-FDD0A8CBF66A}.Release|Any CPU.ActiveCfg = Release|Any CPU
		{203E16B2-8269-408C-B70E-FDD0A8CBF66A}.Release|Any CPU.Build.0 = Release|Any CPU
	EndGlobalSection
	GlobalSection(SolutionProperties) = preSolution
		HideSolutionNode = FALSE
	EndGlobalSection
	GlobalSection(ExtensibilityGlobals) = postSolution
		SolutionGuid = {A9F0A9B2-1099-4271-9F09-C4D068BC2BFC}
	EndGlobalSection
EndGlobal
